
Microsoft Visual Studio Solution File, Format Version 12.00
# Visual Studio 15
VisualStudioVersion = 15.0.28010.2048
MinimumVisualStudioVersion = 10.0.40219.1
Project("{FAE04EC0-301F-11D3-BF4B-00C04F79EFBC}") = "Дипломчик", "Дипломчик\Дипломчик.csproj", "{703B4BAE-104C-4554-905B-8C0ED3C582C0}"
EndProject
Global
	GlobalSection(SolutionConfigurationPlatforms) = preSolution
		Debug|Any CPU = Debug|Any CPU
		Release|Any CPU = Release|Any CPU
	EndGlobalSection
	GlobalSection(ProjectConfigurationPlatforms) = postSolution
		{703B4BAE-104C-4554-905B-8C0ED3C582C0}.Debug|Any CPU.ActiveCfg = Debug|Any CPU
		{703B4BAE-104C-4554-905B-8C0ED3C582C0}.Debug|Any CPU.Build.0 = Debug|Any CPU
		{703B4BAE-104C-4554-905B-8C0ED3C582C0}.Release|Any CPU.ActiveCfg = Release|Any CPU
		{703B4BAE-104C-4554-905B-8C0ED3C582C0}.Release|Any CPU.Build.0 = Release|Any CPU
	EndGlobalSection
	GlobalSection(SolutionProperties) = preSolution
		HideSolutionNode = FALSE
	EndGlobalSection
	GlobalSection(ExtensibilityGlobals) = postSolution
		SolutionGuid = {35D40C7B-0EB8-4C65-80E2-D117FFF4CCBA}
	EndGlobalSection
EndGlobal
